
Microsoft Visual Studio Solution File, Format Version 12.00
# Visual Studio Version 17
VisualStudioVersion = 17.8.34330.188
MinimumVisualStudioVersion = 10.0.40219.1
Project("{FAE04EC0-301F-11D3-BF4B-00C04F79EFBC}") = "Dovahzul-Dictionary", "Dovahzul-Dictionary.csproj", "{1995185C-717D-474F-927F-C22ADB534DAE}"
EndProject
Global
	GlobalSection(SolutionConfigurationPlatforms) = preSolution
		Debug|Any CPU = Debug|Any CPU
		Release|Any CPU = Release|Any CPU
	EndGlobalSection
	GlobalSection(ProjectConfigurationPlatforms) = postSolution
		{1995185C-717D-474F-927F-C22ADB534DAE}.Debug|Any CPU.ActiveCfg = Debug|Any CPU
		{1995185C-717D-474F-927F-C22ADB534DAE}.Debug|Any CPU.Build.0 = Debug|Any CPU
		{1995185C-717D-474F-927F-C22ADB534DAE}.Debug|Any CPU.Deploy.0 = Debug|Any CPU
		{1995185C-717D-474F-927F-C22ADB534DAE}.Release|Any CPU.ActiveCfg = Release|Any CPU
		{1995185C-717D-474F-927F-C22ADB534DAE}.Release|Any CPU.Build.0 = Release|Any CPU
		{1995185C-717D-474F-927F-C22ADB534DAE}.Release|Any CPU.Deploy.0 = Release|Any CPU
	EndGlobalSection
	GlobalSection(SolutionProperties) = preSolution
		HideSolutionNode = FALSE
	EndGlobalSection
	GlobalSection(ExtensibilityGlobals) = postSolution
		SolutionGuid = {A9FF44CC-9F7A-4B38-9BC3-B992E9F5F4B5}
	EndGlobalSection
EndGlobal
